
Microsoft Visual Studio Solution File, Format Version 12.00
# Visual Studio 15
VisualStudioVersion = 15.0.28010.2048
MinimumVisualStudioVersion = 10.0.40219.1
Project("{FAE04EC0-301F-11D3-BF4B-00C04F79EFBC}") = "E-Ticaret", "E-Ticaret\E-Ticaret.csproj", "{36F57A83-E78D-4CFD-B778-2D829BDE2941}"
EndProject
Global
	GlobalSection(SolutionConfigurationPlatforms) = preSolution
		Debug|Any CPU = Debug|Any CPU
		Release|Any CPU = Release|Any CPU
	EndGlobalSection
	GlobalSection(ProjectConfigurationPlatforms) = postSolution
		{36F57A83-E78D-4CFD-B778-2D829BDE2941}.Debug|Any CPU.ActiveCfg = Debug|Any CPU
		{36F57A83-E78D-4CFD-B778-2D829BDE2941}.Debug|Any CPU.Build.0 = Debug|Any CPU
		{36F57A83-E78D-4CFD-B778-2D829BDE2941}.Release|Any CPU.ActiveCfg = Release|Any CPU
		{36F57A83-E78D-4CFD-B778-2D829BDE2941}.Release|Any CPU.Build.0 = Release|Any CPU
	EndGlobalSection
	GlobalSection(SolutionProperties) = preSolution
		HideSolutionNode = FALSE
	EndGlobalSection
	GlobalSection(ExtensibilityGlobals) = postSolution
		SolutionGuid = {BAC4CA0B-0533-4222-B615-87E374697B0D}
	EndGlobalSection
EndGlobal
