
Microsoft Visual Studio Solution File, Format Version 12.00
# Visual Studio 15
VisualStudioVersion = 15.0.28010.2048
MinimumVisualStudioVersion = 10.0.40219.1
Project("{FAE04EC0-301F-11D3-BF4B-00C04F79EFBC}") = "E_TicaretWeb", "E_Ticaret\E_TicaretWeb.csproj", "{F3EE2570-3449-4AF6-B3FD-BAC4EAB0BD6B}"
EndProject
Global
	GlobalSection(SolutionConfigurationPlatforms) = preSolution
		Debug|Any CPU = Debug|Any CPU
		Release|Any CPU = Release|Any CPU
	EndGlobalSection
	GlobalSection(ProjectConfigurationPlatforms) = postSolution
		{F3EE2570-3449-4AF6-B3FD-BAC4EAB0BD6B}.Debug|Any CPU.ActiveCfg = Debug|Any CPU
		{F3EE2570-3449-4AF6-B3FD-BAC4EAB0BD6B}.Debug|Any CPU.Build.0 = Debug|Any CPU
		{F3EE2570-3449-4AF6-B3FD-BAC4EAB0BD6B}.Release|Any CPU.ActiveCfg = Release|Any CPU
		{F3EE2570-3449-4AF6-B3FD-BAC4EAB0BD6B}.Release|Any CPU.Build.0 = Release|Any CPU
	EndGlobalSection
	GlobalSection(SolutionProperties) = preSolution
		HideSolutionNode = FALSE
	EndGlobalSection
	GlobalSection(ExtensibilityGlobals) = postSolution
		SolutionGuid = {3C723534-72A7-4C0E-82F9-BA3001EFF214}
	EndGlobalSection
EndGlobal
